// !$*UTF8*$!
{
	archiveVersion = 1;
	classes = {
	};
	objectVersion = 46;
	objects = {

/* Begin PBXBuildFile section */
		529BBCFB1C513EEE00C14C29 /* AppDelegate.swift in Sources */ = {isa = PBXBuildFile; fileRef = 529BBCFA1C513EEE00C14C29 /* AppDelegate.swift */; };
		529BBD001C513EEE00C14C29 /* Main.storyboard in Resources */ = {isa = PBXBuildFile; fileRef = 529BBCFE1C513EEE00C14C29 /* Main.storyboard */; };
		529BBD021C513EEE00C14C29 /* Assets.xcassets in Resources */ = {isa = PBXBuildFile; fileRef = 529BBD011C513EEE00C14C29 /* Assets.xcassets */; };
		529BBD051C513EEE00C14C29 /* LaunchScreen.storyboard in Resources */ = {isa = PBXBuildFile; fileRef = 529BBD031C513EEE00C14C29 /* LaunchScreen.storyboard */; };
		529BBD0D1C513F9000C14C29 /* TableViewController.swift in Sources */ = {isa = PBXBuildFile; fileRef = 529BBD0C1C513F8F00C14C29 /* TableViewController.swift */; };
		529BBD0F1C513FDD00C14C29 /* MapViewController.swift in Sources */ = {isa = PBXBuildFile; fileRef = 529BBD0E1C513FDD00C14C29 /* MapViewController.swift */; };
		529BBD111C51407E00C14C29 /* MapKit.framework in Frameworks */ = {isa = PBXBuildFile; fileRef = 529BBD101C51407E00C14C29 /* MapKit.framework */; };
		529BBD131C51435400C14C29 /* CoreLocation.framework in Frameworks */ = {isa = PBXBuildFile; fileRef = 529BBD121C51435400C14C29 /* CoreLocation.framework */; };
/* End PBXBuildFile section */

/* Begin PBXFileReference section */
		529BBCF71C513EEE00C14C29 /* FavPlaces.app */ = {isa = PBXFileReference; explicitFileType = wrapper.application; includeInIndex = 0; path = FavPlaces.app; sourceTree = BUILT_PRODUCTS_DIR; };
		529BBCFA1C513EEE00C14C29 /* AppDelegate.swift */ = {isa = PBXFileReference; lastKnownFileType = sourcecode.swift; path = AppDelegate.swift; sourceTree = "<group>"; };
		529BBCFF1C513EEE00C14C29 /* Base */ = {isa = PBXFileReference; lastKnownFileType = file.storyboard; name = Base; path = Base.lproj/Main.storyboard; sourceTree = "<group>"; };
		529BBD011C513EEE00C14C29 /* Assets.xcassets */ = {isa = PBXFileReference; lastKnownFileType = folder.assetcatalog; path = Assets.xcassets; sourceTree = "<group>"; };
		529BBD041C513EEE00C14C29 /* Base */ = {isa = PBXFileReference; lastKnownFileType = file.storyboard; name = Base; path = Base.lproj/LaunchScreen.storyboard; sourceTree = "<group>"; };
		529BBD061C513EEE00C14C29 /* Info.plist */ = {isa = PBXFileReference; lastKnownFileType = text.plist.xml; path = Info.plist; sourceTree = "<group>"; };
		529BBD0C1C513F8F00C14C29 /* TableViewController.swift */ = {isa = PBXFileReference; fileEncoding = 4; lastKnownFileType = sourcecode.swift; path = TableViewController.swift; sourceTree = "<group>"; };
		529BBD0E1C513FDD00C14C29 /* MapViewController.swift */ = {isa = PBXFileReference; fileEncoding = 4; lastKnownFileType = sourcecode.swift; name = MapViewController.swift; path = ../MapViewController.swift; sourceTree = "<group>"; };
		529BBD101C51407E00C14C29 /* MapKit.framework */ = {isa = PBXFileReference; lastKnownFileType = wrapper.framework; name = MapKit.framework; path = System/Library/Frameworks/MapKit.framework; sourceTree = SDKROOT; };
		529BBD121C51435400C14C29 /* CoreLocation.framework */ = {isa = PBXFileReference; lastKnownFileType = wrapper.framework; name = CoreLocation.framework; path = System/Library/Frameworks/CoreLocation.framework; sourceTree = SDKROOT; };
/* End PBXFileReference section */

/* Begin PBXFrameworksBuildPhase section */
		529BBCF41C513EEE00C14C29 /* Frameworks */ = {
			isa = PBXFrameworksBuildPhase;
			buildActionMask = 2147483647;
			files = (
				529BBD131C51435400C14C29 /* CoreLocation.framework in Frameworks */,
				529BBD111C51407E00C14C29 /* MapKit.framework in Frameworks */,
			);
			runOnlyForDeploymentPostprocessing = 0;
		};
/* End PBXFrameworksBuildPhase section */

/* Begin PBXGroup section */
		529BBCEE1C513EEE00C14C29 = {
			isa = PBXGroup;
			children = (
				529BBD121C51435400C14C29 /* CoreLocation.framework */,
				529BBD101C51407E00C14C29 /* MapKit.framework */,
				529BBCF91C513EEE00C14C29 /* FavPlaces */,
				529BBCF81C513EEE00C14C29 /* Products */,
			);
			sourceTree = "<group>";
		};
		529BBCF81C513EEE00C14C29 /* Products */ = {
			isa = PBXGroup;
			children = (
				529BBCF71C513EEE00C14C29 /* FavPlaces.app */,
			);
			name = Products;
			sourceTree = "<group>";
		};
		529BBCF91C513EEE00C14C29 /* FavPlaces */ = {
			isa = PBXGroup;
			children = (
				529BBCFA1C513EEE00C14C29 /* AppDelegate.swift */,
				529BBD0E1C513FDD00C14C29 /* MapViewController.swift */,
				529BBCFE1C513EEE00C14C29 /* Main.storyboard */,
				529BBD0C1C513F8F00C14C29 /* TableViewController.swift */,
				529BBD011C513EEE00C14C29 /* Assets.xcassets */,
				529BBD031C513EEE00C14C29 /* LaunchScreen.storyboard */,
				529BBD061C513EEE00C14C29 /* Info.plist */,
			);
			path = FavPlaces;
			sourceTree = "<group>";
		};
/* End PBXGroup section */

/* Begin PBXNativeTarget section */
		529BBCF61C513EEE00C14C29 /* FavPlaces */ = {
			isa = PBXNativeTarget;
			buildConfigurationList = 529BBD091C513EEE00C14C29 /* Build configuration list for PBXNativeTarget "FavPlaces" */;
			buildPhases = (
				529BBCF31C513EEE00C14C29 /* Sources */,
				529BBCF41C513EEE00C14C29 /* Frameworks */,
				529BBCF51C513EEE00C14C29 /* Resources */,
			);
			buildRules = (
			);
			dependencies = (
			);
			name = FavPlaces;
			productName = FavPlaces;
			productReference = 529BBCF71C513EEE00C14C29 /* FavPlaces.app */;
			productType = "com.apple.product-type.application";
		};
/* End PBXNativeTarget section */

/* Begin PBXProject section */
		529BBCEF1C513EEE00C14C29 /* Project object */ = {
			isa = PBXProject;
			attributes = {
				LastSwiftUpdateCheck = 0720;
				LastUpgradeCheck = 0720;
				ORGANIZATIONNAME = jcb1973;
				TargetAttributes = {
					529BBCF61C513EEE00C14C29 = {
						CreatedOnToolsVersion = 7.2;
					};
				};
			};
			buildConfigurationList = 529BBCF21C513EEE00C14C29 /* Build configuration list for PBXProject "FavPlaces" */;
			compatibilityVersion = "Xcode 3.2";
			developmentRegion = English;
			hasScannedForEncodings = 0;
			knownRegions = (
				en,
				Base,
			);
			mainGroup = 529BBCEE1C513EEE00C14C29;
			productRefGroup = 529BBCF81C513EEE00C14C29 /* Products */;
			projectDirPath = "";
			projectRoot = "";
			targets = (
				529BBCF61C513EEE00C14C29 /* FavPlaces */,
			);
		};
/* End PBXProject section */

/* Begin PBXResourcesBuildPhase section */
		529BBCF51C513EEE00C14C29 /* Resources */ = {
			isa = PBXResourcesBuildPhase;
			buildActionMask = 2147483647;
			files = (
				529BBD051C513EEE00C14C29 /* LaunchScreen.storyboard in Resources */,
				529BBD021C513EEE00C14C29 /* Assets.xcassets in Resources */,
				529BBD001C513EEE00C14C29 /* Main.storyboard in Resources */,
			);
			runOnlyForDeploymentPostprocessing = 0;
		};
/* End PBXResourcesBuildPhase section */

/* Begin PBXSourcesBuildPhase section */
		529BBCF31C513EEE00C14C29 /* Sources */ = {
			isa = PBXSourcesBuildPhase;
			buildActionMask = 2147483647;
			files = (
				529BBD0D1C513F9000C14C29 /* TableViewController.swift in Sources */,
				529BBD0F1C513FDD00C14C29 /* MapViewController.swift in Sources */,
				529BBCFB1C513EEE00C14C29 /* AppDelegate.swift in Sources */,
			);
			runOnlyForDeploymentPostprocessing = 0;
		};
/* End PBXSourcesBuildPhase section */

/* Begin PBXVariantGroup section */
		529BBCFE1C513EEE00C14C29 /* Main.storyboard */ = {
			isa = PBXVariantGroup;
			children = (
				529BBCFF1C513EEE00C14C29 /* Base */,
			);
			name = Main.storyboard;
			sourceTree = "<group>";
		};
		529BBD031C513EEE00C14C29 /* LaunchScreen.storyboard */ = {
			isa = PBXVariantGroup;
			children = (
				529BBD041C513EEE00C14C29 /* Base */,
			);
			name = LaunchScreen.storyboard;
			sourceTree = "<group>";
		};
/* End PBXVariantGroup section */

/* Begin XCBuildConfiguration section */
		529BBD071C513EEE00C14C29 /* Debug */ = {
			isa = XCBuildConfiguration;
			buildSettings = {
				ALWAYS_SEARCH_USER_PATHS = NO;
				CLANG_CXX_LANGUAGE_STANDARD = "gnu++0x";
				CLANG_CXX_LIBRARY = "libc++";
				CLANG_ENABLE_MODULES = YES;
				CLANG_ENABLE_OBJC_ARC = YES;
				CLANG_WARN_BOOL_CONVERSION = YES;
				CLANG_WARN_CONSTANT_CONVERSION = YES;
				CLANG_WARN_DIRECT_OBJC_ISA_USAGE = YES_ERROR;
				CLANG_WARN_EMPTY_BODY = YES;
				CLANG_WARN_ENUM_CONVERSION = YES;
				CLANG_WARN_INT_CONVERSION = YES;
				CLANG_WARN_OBJC_ROOT_CLASS = YES_ERROR;
				CLANG_WARN_UNREACHABLE_CODE = YES;
				CLANG_WARN__DUPLICATE_METHOD_MATCH = YES;
				"CODE_SIGN_IDENTITY[sdk=iphoneos*]" = "iPhone Developer";
				COPY_PHASE_STRIP = NO;
				DEBUG_INFORMATION_FORMAT = dwarf;
				ENABLE_STRICT_OBJC_MSGSEND = YES;
				ENABLE_TESTABILITY = YES;
				GCC_C_LANGUAGE_STANDARD = gnu99;
				GCC_DYNAMIC_NO_PIC = NO;
				GCC_NO_COMMON_BLOCKS = YES;
				GCC_OPTIMIZATION_LEVEL = 0;
				GCC_PREPROCESSOR_DEFINITIONS = (
					"DEBUG=1",
					"$(inherited)",
				);
				GCC_WARN_64_TO_32_BIT_CONVERSION = YES;
				GCC_WARN_ABOUT_RETURN_TYPE = YES_ERROR;
				GCC_WARN_UNDECLARED_SELECTOR = YES;
				GCC_WARN_UNINITIALIZED_AUTOS = YES_AGGRESSIVE;
				GCC_WARN_UNUSED_FUNCTION = YES;
				GCC_WARN_UNUSED_VARIABLE = YES;
				IPHONEOS_DEPLOYMENT_TARGET = 9.2;
				MTL_ENABLE_DEBUG_INFO = YES;
				ONLY_ACTIVE_ARCH = YES;
				SDKROOT = iphoneos;
				SWIFT_OPTIMIZATION_LEVEL = "-Onone";
			};
			name = Debug;
		};
		529BBD081C513EEE00C14C29 /* Release */ = {
			isa = XCBuildConfiguration;
			buildSettings = {
				ALWAYS_SEARCH_USER_PATHS = NO;
				CLANG_CXX_LANGUAGE_STANDARD = "gnu++0x";
				CLANG_CXX_LIBRARY = "libc++";
				CLANG_ENABLE_MODULES = YES;
				CLANG_ENABLE_OBJC_ARC = YES;
				CLANG_WARN_BOOL_CONVERSION = YES;
				CLANG_WARN_CONSTANT_CONVERSION = YES;
				CLANG_WARN_DIRECT_OBJC_ISA_USAGE = YES_ERROR;
				CLANG_WARN_EMPTY_BODY = YES;
				CLANG_WARN_ENUM_CONVERSION = YES;
				CLANG_WARN_INT_CONVERSION = YES;
				CLANG_WARN_OBJC_ROOT_CLASS = YES_ERROR;
				CLANG_WARN_UNREACHABLE_CODE = YES;
				CLANG_WARN__DUPLICATE_METHOD_MATCH = YES;
				"CODE_SIGN_IDENTITY[sdk=iphoneos*]" = "iPhone Developer";
				COPY_PHASE_STRIP = NO;
				DEBUG_INFORMATION_FORMAT = "dwarf-with-dsym";
				ENABLE_NS_ASSERTIONS = NO;
				ENABLE_STRICT_OBJC_MSGSEND = YES;
				GCC_C_LANGUAGE_STANDARD = gnu99;
				GCC_NO_COMMON_BLOCKS = YES;
				GCC_WARN_64_TO_32_BIT_CONVERSION = YES;
				GCC_WARN_ABOUT_RETURN_TYPE = YES_ERROR;
				GCC_WARN_UNDECLARED_SELECTOR = YES;
				GCC_WARN_UNINITIALIZED_AUTOS = YES_AGGRESSIVE;
				GCC_WARN_UNUSED_FUNCTION = YES;
				GCC_WARN_UNUSED_VARIABLE = YES;
				IPHONEOS_DEPLOYMENT_TARGET = 9.2;
				MTL_ENABLE_DEBUG_INFO = NO;
				SDKROOT = iphoneos;
				VALIDATE_PRODUCT = YES;
			};
			name = Release;
		};
		529BBD0A1C513EEE00C14C29 /* Debug */ = {
			isa = XCBuildConfiguration;
			buildSettings = {
				ASSETCATALOG_COMPILER_APPICON_NAME = AppIcon;
				INFOPLIST_FILE = FavPlaces/Info.plist;
				LD_RUNPATH_SEARCH_PATHS = "$(inherited) @executable_path/Frameworks";
				PRODUCT_BUNDLE_IDENTIFIER = com.jcb1973.FavPlaces;
				PRODUCT_NAME = "$(TARGET_NAME)";
			};
			name = Debug;
		};
		529BBD0B1C513EEE00C14C29 /* Release */ = {
			isa = XCBuildConfiguration;
			buildSettings = {
				ASSETCATALOG_COMPILER_APPICON_NAME = AppIcon;
				INFOPLIST_FILE = FavPlaces/Info.plist;
				LD_RUNPATH_SEARCH_PATHS = "$(inherited) @executable_path/Frameworks";
				PRODUCT_BUNDLE_IDENTIFIER = com.jcb1973.FavPlaces;
				PRODUCT_NAME = "$(TARGET_NAME)";
			};
			name = Release;
		};
/* End XCBuildConfiguration section */

/* Begin XCConfigurationList section */
		529BBCF21C513EEE00C14C29 /* Build configuration list for PBXProject "FavPlaces" */ = {
			isa = XCConfigurationList;
			buildConfigurations = (
				529BBD071C513EEE00C14C29 /* Debug */,
				529BBD081C513EEE00C14C29 /* Release */,
			);
			defaultConfigurationIsVisible = 0;
			defaultConfigurationName = Release;
		};
		529BBD091C513EEE00C14C29 /* Build configuration list for PBXNativeTarget "FavPlaces" */ = {
			isa = XCConfigurationList;
			buildConfigurations = (
				529BBD0A1C513EEE00C14C29 /* Debug */,
				529BBD0B1C513EEE00C14C29 /* Release */,
			);
			defaultConfigurationIsVisible = 0;
		};
/* End XCConfigurationList section */
	};
	rootObject = 529BBCEF1C513EEE00C14C29 /* Project object */;
}
